
Microsoft Visual Studio Solution File, Format Version 12.00
# Visual Studio Version 17
VisualStudioVersion = 17.8.34322.80
MinimumVisualStudioVersion = 10.0.40219.1
Project("{9A19103F-16F7-4668-BE54-9A1E7A4F7556}") = "SecretParty", "SecretParty\SecretParty.csproj", "{A29F01EC-AD54-46E4-A52B-F8696945C2E2}"
EndProject
Project("{9A19103F-16F7-4668-BE54-9A1E7A4F7556}") = "SecretParty.Client", "SecretParty.Client\SecretParty.Client.csproj", "{6DF72D94-7A93-4999-85F2-0ECEB527AF8E}"
EndProject
Project("{FAE04EC0-301F-11D3-BF4B-00C04F79EFBC}") = "SecretParty.Model", "SecretParty.Model\SecretParty.Model.csproj", "{B154C81E-0013-410B-8D38-2D94B2E825D0}"
EndProject
Global
	GlobalSection(SolutionConfigurationPlatforms) = preSolution
		Debug|Any CPU = Debug|Any CPU
		Release|Any CPU = Release|Any CPU
	EndGlobalSection
	GlobalSection(ProjectConfigurationPlatforms) = postSolution
		{A29F01EC-AD54-46E4-A52B-F8696945C2E2}.Debug|Any CPU.ActiveCfg = Debug|Any CPU
		{A29F01EC-AD54-46E4-A52B-F8696945C2E2}.Debug|Any CPU.Build.0 = Debug|Any CPU
		{A29F01EC-AD54-46E4-A52B-F8696945C2E2}.Release|Any CPU.ActiveCfg = Release|Any CPU
		{A29F01EC-AD54-46E4-A52B-F8696945C2E2}.Release|Any CPU.Build.0 = Release|Any CPU
		{6DF72D94-7A93-4999-85F2-0ECEB527AF8E}.Debug|Any CPU.ActiveCfg = Debug|Any CPU
		{6DF72D94-7A93-4999-85F2-0ECEB527AF8E}.Debug|Any CPU.Build.0 = Debug|Any CPU
		{6DF72D94-7A93-4999-85F2-0ECEB527AF8E}.Release|Any CPU.ActiveCfg = Release|Any CPU
		{6DF72D94-7A93-4999-85F2-0ECEB527AF8E}.Release|Any CPU.Build.0 = Release|Any CPU
		{B154C81E-0013-410B-8D38-2D94B2E825D0}.Debug|Any CPU.ActiveCfg = Debug|Any CPU
		{B154C81E-0013-410B-8D38-2D94B2E825D0}.Debug|Any CPU.Build.0 = Debug|Any CPU
		{B154C81E-0013-410B-8D38-2D94B2E825D0}.Release|Any CPU.ActiveCfg = Release|Any CPU
		{B154C81E-0013-410B-8D38-2D94B2E825D0}.Release|Any CPU.Build.0 = Release|Any CPU
	EndGlobalSection
	GlobalSection(SolutionProperties) = preSolution
		HideSolutionNode = FALSE
	EndGlobalSection
	GlobalSection(ExtensibilityGlobals) = postSolution
		SolutionGuid = {FD20D2D9-CD3B-4D9C-8AD0-B49B8CD3EBCD}
	EndGlobalSection
EndGlobal
